
Microsoft Visual Studio Solution File, Format Version 12.00
# Visual Studio Version 17
VisualStudioVersion = 17.11.35219.272
MinimumVisualStudioVersion = 10.0.40219.1
Project("{FAE04EC0-301F-11D3-BF4B-00C04F79EFBC}") = "ZDZCode.Payments.Asaas.API", "ZDZCode.Payments.Asaas.API\ZDZCode.Payments.Asaas.API.csproj", "{74CC1519-5095-4633-A75D-1794907C5F8F}"
EndProject
Global
	GlobalSection(SolutionConfigurationPlatforms) = preSolution
		Debug|Any CPU = Debug|Any CPU
		Release|Any CPU = Release|Any CPU
	EndGlobalSection
	GlobalSection(ProjectConfigurationPlatforms) = postSolution
		{74CC1519-5095-4633-A75D-1794907C5F8F}.Debug|Any CPU.ActiveCfg = Debug|Any CPU
		{74CC1519-5095-4633-A75D-1794907C5F8F}.Debug|Any CPU.Build.0 = Debug|Any CPU
		{74CC1519-5095-4633-A75D-1794907C5F8F}.Release|Any CPU.ActiveCfg = Release|Any CPU
		{74CC1519-5095-4633-A75D-1794907C5F8F}.Release|Any CPU.Build.0 = Release|Any CPU
	EndGlobalSection
	GlobalSection(SolutionProperties) = preSolution
		HideSolutionNode = FALSE
	EndGlobalSection
	GlobalSection(ExtensibilityGlobals) = postSolution
		SolutionGuid = {68E105FE-D7B4-402B-BB45-A89C07EF41D7}
	EndGlobalSection
EndGlobal
